
Microsoft Visual Studio Solution File, Format Version 12.00
# Visual Studio 15
VisualStudioVersion = 15.0.26403.3
MinimumVisualStudioVersion = 10.0.40219.1
Project("{2150E333-8FDC-42A3-9474-1A3956D46DE8}") = "ExampleApp", "ExampleApp", "{1F6DD1A5-826F-45C1-AF14-5F5C396A221D}"
EndProject
Project("{2150E333-8FDC-42A3-9474-1A3956D46DE8}") = "Common", "Common", "{B34A0FE2-A3A3-4022-96ED-1EC5EAE9F5A5}"
EndProject
Project("{FAE04EC0-301F-11D3-BF4B-00C04F79EFBC}") = "Commands", "..\Common\Commands\Commands.csproj", "{03CD52D8-FE92-44FA-821E-5805F2F225B8}"
EndProject
Project("{FAE04EC0-301F-11D3-BF4B-00C04F79EFBC}") = "Common", "..\Common\Common\Common.csproj", "{DFC42C3A-5CF6-4CD0-BE1B-4531262ED3F1}"
EndProject
Project("{FAE04EC0-301F-11D3-BF4B-00C04F79EFBC}") = "Messenger", "..\Common\Messenger\Messenger.csproj", "{0578B7B8-71C5-4EC3-AE52-F60E62F781B6}"
EndProject
Project("{FAE04EC0-301F-11D3-BF4B-00C04F79EFBC}") = "ExampleApp", "ExampleApp\ExampleApp\ExampleApp.csproj", "{56E8604D-0D0B-4567-AC0C-F10BDD5543FB}"
EndProject
Project("{FAE04EC0-301F-11D3-BF4B-00C04F79EFBC}") = "ServiceLocation", "ExampleApp\ServiceLocation\ServiceLocation.csproj", "{498DC787-03AC-4BA1-841E-0762FC79FABD}"
EndProject
Project("{FAE04EC0-301F-11D3-BF4B-00C04F79EFBC}") = "Translation", "ExampleApp\Translation\Translation.csproj", "{C3500386-67B2-4C02-BA4D-83B7551F76EA}"
EndProject
Project("{2150E333-8FDC-42A3-9474-1A3956D46DE8}") = "ModelLayer", "ModelLayer", "{F85738F8-B8B6-48AF-96F1-A1152778CB6B}"
EndProject
Project("{2150E333-8FDC-42A3-9474-1A3956D46DE8}") = "ViewModelLayer", "ViewModelLayer", "{9D71BA42-C382-4320-BD73-F1CB1BE8D840}"
EndProject
Project("{2150E333-8FDC-42A3-9474-1A3956D46DE8}") = "ViewLayer", "ViewLayer", "{80DB47C2-1C8D-407C-B221-1F97713F6FB4}"
EndProject
Project("{FAE04EC0-301F-11D3-BF4B-00C04F79EFBC}") = "Model", "ExampleApp\ModelLayer\Model\Model.csproj", "{D7E86B2B-2178-421A-9E23-BD686DD1047C}"
EndProject
Project("{FAE04EC0-301F-11D3-BF4B-00C04F79EFBC}") = "ModelImpl", "ExampleApp\ModelLayer\ModelImpl\ModelImpl.csproj", "{04A376EB-6D02-4892-922D-B2CEFA873715}"
EndProject
Project("{FAE04EC0-301F-11D3-BF4B-00C04F79EFBC}") = "View", "ExampleApp\ViewLayer\View\View.csproj", "{C3E2F4B1-0010-4A74-A39B-82F1ADAB758F}"
EndProject
Project("{2150E333-8FDC-42A3-9474-1A3956D46DE8}") = "MatLab", "MatLab", "{F5B6BA4A-F718-424C-ADE8-E0BEBAF1EFD3}"
EndProject
Project("{FAE04EC0-301F-11D3-BF4B-00C04F79EFBC}") = "ViewModel", "ExampleApp\ViewModelLayer\ViewModel\ViewModel.csproj", "{6A25609D-DDC8-497A-BCBD-E91D2BD994BF}"
EndProject
Project("{FAE04EC0-301F-11D3-BF4B-00C04F79EFBC}") = "ViewModelImpl", "ExampleApp\ViewModelLayer\ViewModelImpl\ViewModelImpl.csproj", "{6205F10E-1760-4A13-94CB-42588B385063}"
EndProject
Project("{FAE04EC0-301F-11D3-BF4B-00C04F79EFBC}") = "MatLab", "ExampleApp\MatLab\MatLab\MatLab.csproj", "{07C438BC-7AA7-4A61-BF43-80318B1D09A3}"
EndProject
Project("{FAE04EC0-301F-11D3-BF4B-00C04F79EFBC}") = "MatLabImpl", "ExampleApp\MatLab\MatLabImpl\MatLabImpl.csproj", "{7234F85B-D2D1-4D93-B5CB-D0FEC88B5DB7}"
EndProject
Project("{2150E333-8FDC-42A3-9474-1A3956D46DE8}") = "IoC", "IoC", "{854D0101-7EE8-4AC6-A07B-FE5E8FE1E17E}"
EndProject
Project("{FAE04EC0-301F-11D3-BF4B-00C04F79EFBC}") = "IoC", "ExampleApp\IoC\IoC\IoC.csproj", "{C372DEBF-038C-4CC2-A671-5A53EA0E6060}"
EndProject
Project("{FAE04EC0-301F-11D3-BF4B-00C04F79EFBC}") = "IoCImpl", "ExampleApp\IoC\IoCImpl\IoCImpl.csproj", "{1D3B8E37-51F5-4487-A15B-D87BA02E3055}"
EndProject
Global
	GlobalSection(SolutionConfigurationPlatforms) = preSolution
		Debug|Any CPU = Debug|Any CPU
		Release|Any CPU = Release|Any CPU
	EndGlobalSection
	GlobalSection(ProjectConfigurationPlatforms) = postSolution
		{03CD52D8-FE92-44FA-821E-5805F2F225B8}.Debug|Any CPU.ActiveCfg = Debug|Any CPU
		{03CD52D8-FE92-44FA-821E-5805F2F225B8}.Debug|Any CPU.Build.0 = Debug|Any CPU
		{03CD52D8-FE92-44FA-821E-5805F2F225B8}.Release|Any CPU.ActiveCfg = Release|Any CPU
		{03CD52D8-FE92-44FA-821E-5805F2F225B8}.Release|Any CPU.Build.0 = Release|Any CPU
		{DFC42C3A-5CF6-4CD0-BE1B-4531262ED3F1}.Debug|Any CPU.ActiveCfg = Debug|Any CPU
		{DFC42C3A-5CF6-4CD0-BE1B-4531262ED3F1}.Debug|Any CPU.Build.0 = Debug|Any CPU
		{DFC42C3A-5CF6-4CD0-BE1B-4531262ED3F1}.Release|Any CPU.ActiveCfg = Release|Any CPU
		{DFC42C3A-5CF6-4CD0-BE1B-4531262ED3F1}.Release|Any CPU.Build.0 = Release|Any CPU
		{0578B7B8-71C5-4EC3-AE52-F60E62F781B6}.Debug|Any CPU.ActiveCfg = Debug|Any CPU
		{0578B7B8-71C5-4EC3-AE52-F60E62F781B6}.Debug|Any CPU.Build.0 = Debug|Any CPU
		{0578B7B8-71C5-4EC3-AE52-F60E62F781B6}.Release|Any CPU.ActiveCfg = Release|Any CPU
		{0578B7B8-71C5-4EC3-AE52-F60E62F781B6}.Release|Any CPU.Build.0 = Release|Any CPU
		{56E8604D-0D0B-4567-AC0C-F10BDD5543FB}.Debug|Any CPU.ActiveCfg = Debug|Any CPU
		{56E8604D-0D0B-4567-AC0C-F10BDD5543FB}.Debug|Any CPU.Build.0 = Debug|Any CPU
		{56E8604D-0D0B-4567-AC0C-F10BDD5543FB}.Release|Any CPU.ActiveCfg = Release|Any CPU
		{56E8604D-0D0B-4567-AC0C-F10BDD5543FB}.Release|Any CPU.Build.0 = Release|Any CPU
		{498DC787-03AC-4BA1-841E-0762FC79FABD}.Debug|Any CPU.ActiveCfg = Debug|Any CPU
		{498DC787-03AC-4BA1-841E-0762FC79FABD}.Debug|Any CPU.Build.0 = Debug|Any CPU
		{498DC787-03AC-4BA1-841E-0762FC79FABD}.Release|Any CPU.ActiveCfg = Release|Any CPU
		{498DC787-03AC-4BA1-841E-0762FC79FABD}.Release|Any CPU.Build.0 = Release|Any CPU
		{C3500386-67B2-4C02-BA4D-83B7551F76EA}.Debug|Any CPU.ActiveCfg = Debug|Any CPU
		{C3500386-67B2-4C02-BA4D-83B7551F76EA}.Debug|Any CPU.Build.0 = Debug|Any CPU
		{C3500386-67B2-4C02-BA4D-83B7551F76EA}.Release|Any CPU.ActiveCfg = Release|Any CPU
		{C3500386-67B2-4C02-BA4D-83B7551F76EA}.Release|Any CPU.Build.0 = Release|Any CPU
		{D7E86B2B-2178-421A-9E23-BD686DD1047C}.Debug|Any CPU.ActiveCfg = Debug|Any CPU
		{D7E86B2B-2178-421A-9E23-BD686DD1047C}.Debug|Any CPU.Build.0 = Debug|Any CPU
		{D7E86B2B-2178-421A-9E23-BD686DD1047C}.Release|Any CPU.ActiveCfg = Release|Any CPU
		{D7E86B2B-2178-421A-9E23-BD686DD1047C}.Release|Any CPU.Build.0 = Release|Any CPU
		{04A376EB-6D02-4892-922D-B2CEFA873715}.Debug|Any CPU.ActiveCfg = Debug|Any CPU
		{04A376EB-6D02-4892-922D-B2CEFA873715}.Debug|Any CPU.Build.0 = Debug|Any CPU
		{04A376EB-6D02-4892-922D-B2CEFA873715}.Release|Any CPU.ActiveCfg = Release|Any CPU
		{04A376EB-6D02-4892-922D-B2CEFA873715}.Release|Any CPU.Build.0 = Release|Any CPU
		{C3E2F4B1-0010-4A74-A39B-82F1ADAB758F}.Debug|Any CPU.ActiveCfg = Debug|Any CPU
		{C3E2F4B1-0010-4A74-A39B-82F1ADAB758F}.Debug|Any CPU.Build.0 = Debug|Any CPU
		{C3E2F4B1-0010-4A74-A39B-82F1ADAB758F}.Release|Any CPU.ActiveCfg = Release|Any CPU
		{C3E2F4B1-0010-4A74-A39B-82F1ADAB758F}.Release|Any CPU.Build.0 = Release|Any CPU
		{6A25609D-DDC8-497A-BCBD-E91D2BD994BF}.Debug|Any CPU.ActiveCfg = Debug|Any CPU
		{6A25609D-DDC8-497A-BCBD-E91D2BD994BF}.Debug|Any CPU.Build.0 = Debug|Any CPU
		{6A25609D-DDC8-497A-BCBD-E91D2BD994BF}.Release|Any CPU.ActiveCfg = Release|Any CPU
		{6A25609D-DDC8-497A-BCBD-E91D2BD994BF}.Release|Any CPU.Build.0 = Release|Any CPU
		{6205F10E-1760-4A13-94CB-42588B385063}.Debug|Any CPU.ActiveCfg = Debug|Any CPU
		{6205F10E-1760-4A13-94CB-42588B385063}.Debug|Any CPU.Build.0 = Debug|Any CPU
		{6205F10E-1760-4A13-94CB-42588B385063}.Release|Any CPU.ActiveCfg = Release|Any CPU
		{6205F10E-1760-4A13-94CB-42588B385063}.Release|Any CPU.Build.0 = Release|Any CPU
		{07C438BC-7AA7-4A61-BF43-80318B1D09A3}.Debug|Any CPU.ActiveCfg = Debug|Any CPU
		{07C438BC-7AA7-4A61-BF43-80318B1D09A3}.Debug|Any CPU.Build.0 = Debug|Any CPU
		{07C438BC-7AA7-4A61-BF43-80318B1D09A3}.Release|Any CPU.ActiveCfg = Release|Any CPU
		{07C438BC-7AA7-4A61-BF43-80318B1D09A3}.Release|Any CPU.Build.0 = Release|Any CPU
		{7234F85B-D2D1-4D93-B5CB-D0FEC88B5DB7}.Debug|Any CPU.ActiveCfg = Debug|Any CPU
		{7234F85B-D2D1-4D93-B5CB-D0FEC88B5DB7}.Debug|Any CPU.Build.0 = Debug|Any CPU
		{7234F85B-D2D1-4D93-B5CB-D0FEC88B5DB7}.Release|Any CPU.ActiveCfg = Release|Any CPU
		{7234F85B-D2D1-4D93-B5CB-D0FEC88B5DB7}.Release|Any CPU.Build.0 = Release|Any CPU
		{C372DEBF-038C-4CC2-A671-5A53EA0E6060}.Debug|Any CPU.ActiveCfg = Debug|Any CPU
		{C372DEBF-038C-4CC2-A671-5A53EA0E6060}.Debug|Any CPU.Build.0 = Debug|Any CPU
		{C372DEBF-038C-4CC2-A671-5A53EA0E6060}.Release|Any CPU.ActiveCfg = Release|Any CPU
		{C372DEBF-038C-4CC2-A671-5A53EA0E6060}.Release|Any CPU.Build.0 = Release|Any CPU
		{1D3B8E37-51F5-4487-A15B-D87BA02E3055}.Debug|Any CPU.ActiveCfg = Debug|Any CPU
		{1D3B8E37-51F5-4487-A15B-D87BA02E3055}.Debug|Any CPU.Build.0 = Debug|Any CPU
		{1D3B8E37-51F5-4487-A15B-D87BA02E3055}.Release|Any CPU.ActiveCfg = Release|Any CPU
		{1D3B8E37-51F5-4487-A15B-D87BA02E3055}.Release|Any CPU.Build.0 = Release|Any CPU
	EndGlobalSection
	GlobalSection(SolutionProperties) = preSolution
		HideSolutionNode = FALSE
	EndGlobalSection
	GlobalSection(NestedProjects) = preSolution
		{03CD52D8-FE92-44FA-821E-5805F2F225B8} = {B34A0FE2-A3A3-4022-96ED-1EC5EAE9F5A5}
		{DFC42C3A-5CF6-4CD0-BE1B-4531262ED3F1} = {B34A0FE2-A3A3-4022-96ED-1EC5EAE9F5A5}
		{0578B7B8-71C5-4EC3-AE52-F60E62F781B6} = {B34A0FE2-A3A3-4022-96ED-1EC5EAE9F5A5}
		{56E8604D-0D0B-4567-AC0C-F10BDD5543FB} = {1F6DD1A5-826F-45C1-AF14-5F5C396A221D}
		{498DC787-03AC-4BA1-841E-0762FC79FABD} = {1F6DD1A5-826F-45C1-AF14-5F5C396A221D}
		{C3500386-67B2-4C02-BA4D-83B7551F76EA} = {1F6DD1A5-826F-45C1-AF14-5F5C396A221D}
		{F85738F8-B8B6-48AF-96F1-A1152778CB6B} = {1F6DD1A5-826F-45C1-AF14-5F5C396A221D}
		{9D71BA42-C382-4320-BD73-F1CB1BE8D840} = {1F6DD1A5-826F-45C1-AF14-5F5C396A221D}
		{80DB47C2-1C8D-407C-B221-1F97713F6FB4} = {1F6DD1A5-826F-45C1-AF14-5F5C396A221D}
		{D7E86B2B-2178-421A-9E23-BD686DD1047C} = {F85738F8-B8B6-48AF-96F1-A1152778CB6B}
		{04A376EB-6D02-4892-922D-B2CEFA873715} = {F85738F8-B8B6-48AF-96F1-A1152778CB6B}
		{C3E2F4B1-0010-4A74-A39B-82F1ADAB758F} = {80DB47C2-1C8D-407C-B221-1F97713F6FB4}
		{F5B6BA4A-F718-424C-ADE8-E0BEBAF1EFD3} = {1F6DD1A5-826F-45C1-AF14-5F5C396A221D}
		{6A25609D-DDC8-497A-BCBD-E91D2BD994BF} = {9D71BA42-C382-4320-BD73-F1CB1BE8D840}
		{6205F10E-1760-4A13-94CB-42588B385063} = {9D71BA42-C382-4320-BD73-F1CB1BE8D840}
		{07C438BC-7AA7-4A61-BF43-80318B1D09A3} = {F5B6BA4A-F718-424C-ADE8-E0BEBAF1EFD3}
		{7234F85B-D2D1-4D93-B5CB-D0FEC88B5DB7} = {F5B6BA4A-F718-424C-ADE8-E0BEBAF1EFD3}
		{854D0101-7EE8-4AC6-A07B-FE5E8FE1E17E} = {1F6DD1A5-826F-45C1-AF14-5F5C396A221D}
		{C372DEBF-038C-4CC2-A671-5A53EA0E6060} = {854D0101-7EE8-4AC6-A07B-FE5E8FE1E17E}
		{1D3B8E37-51F5-4487-A15B-D87BA02E3055} = {854D0101-7EE8-4AC6-A07B-FE5E8FE1E17E}
	EndGlobalSection
EndGlobal
